github.com/codingeasygo/util v0.0.0-20200713041851-864f364bd051/go.mod h1:q4DRF2HY/Qt0qCCARM1OR0dke9XFkKtgr/POyT63crI=
github.com/codingeasygo/util v0.0.0-20200916024033-57389eeba60c h1:oll5NkKsghfwUm0Vwn5iQRsk/t+Y+kNHzOpFyoAE3UI=
github.com/codingeasygo/util v0.0.0-20200916024033-57389eeba60c/go.mod h1:q4DRF2HY/Qt0qCCARM1OR0dke9XFkKtgr/POyT63crI=
github.com/codingeasygo/util v0.0.0-20200919150223-6337de6e5b67 h1:Bi0xYjO6Tm4Br1LqnRHhuVozKi7dkIXUrK7Z6DfosIs=
github.com/codingeasygo/util v0.0.0-20200919150223-6337de6e5b67/go.mod h1:q4DRF2HY/Qt0qCCARM1OR0dke9XFkKtgr/POyT63crI=
github.com/codingeasygo/util v0.0.0-20200920013537-10bf1eda7ea8 h1:o1uxZjK4PV0DZoSLtE13Qh/LvZ5fardsYmwZVY6TQsE=
github.com/codingeasygo/util v0.0.0-20200920013537-10bf1eda7ea8/go.mod h1:q4DRF2HY/Qt0qCCARM1OR0dke9XFkKtgr/POyT63crI=
github.com/codingeasygo/util v0.0.0-20200920022032-c0141f9e7a1a h1:hwfjT3O8n3D+4a4jJEz58eFocWSj84ZocYl16hCIuUg=
github.com/codingeasygo/util v0.0.0-20200920022032-c0141f9e7a1a/go.mod h1:q4DRF2HY/Qt0qCCARM1OR0dke9XFkKtgr/POyT63crI=
github.com/codingeasygo/util v0.0.0-20200920044813-a2c436e64b15 h1:whddOhOqZnSMfxcuFXzb6VKyxP2srSvNUxLV/2CaXm4=
github.com/codingeasygo/util v0.0.0-20200920044813-a2c436e64b15/go.mod h1:q4DRF2HY/Qt0qCCARM1OR0dke9XFkKtgr/POyT63crI=
github.com/codingeasygo/util v0.0.0-20200928031956-53620b194dda h1:ZP+xeCpIZgASCv/mSFc6ZlKcJHBtGNZQK8XLpgcvDsI=
github.com/codingeasygo/util v0.0.0-20200928031956-53620b194dda/go.mod h1:q4DRF2HY/Qt0qCCARM1OR0dke9XFkKtgr/POyT63crI=
github.com/codingeasygo/util v0.0.0-20200928033318-1c40c30031c4 h1:1o7NSXMJ3TWvRMawBoPS+4ZpNIdLjIvhfQwVxE307o4=
github.com/codingeasygo/util v0.0.0-20200928033318-1c40c30031c4/go.mod h1:q4DRF2HY/Qt0qCCARM1OR0dke9XFkKtgr/POyT63crI=
github.com/codingeasygo/util v0.0.0-20201004092656-3a3d26523d86 h1:yb6//R2BldKpz5Erq2lR70JJRI/E1CQNaM80PpHuV3w=
github.com/codingeasygo/util v0.0.0-20201004092656-3a3d26523d86/go.mod h1:q4DRF2HY/Qt0qCCARM1OR0dke9XFkKtgr/POyT63crI=
github.com/codingeasygo/util v0.0.0-20201009072921-314792199c2b h1:cBC924IU65zdUX4q+Sj8io0dO611JOPQ/51pVqAHiXQ=
github.com/codingeasygo/util v0.0.0-20201009072921-314792199c2b/go.mod h1:q4DRF2HY/Qt0qCCARM1OR0dke9XFkKtgr/POyT63crI=
github.com/codingeasygo/util v0.0.0-20201009141802-e8c74c1a765c h1:dpwPBBEcL4WZqXJkM44WF2TuF8P+/KiSfh4PXxB3baE=
github.com/codingeasygo/util v0.0.0-20201009141802-e8c74c1a765c/go.mod h1:q4DRF2HY/Qt0qCCARM1OR0dke9XFkKtgr/POyT63crI=
github.com/codingeasygo/web v0.0.0-20200828081934-4c16e112fa13 h1:nM/UNJzc/wuZTOKtjPFYWTGxxHITDNEIC6DU28N+Pis=
github.com/codingeasygo/web v0.0.0-20200828081934-4c16e112fa13/go.mod h1:6Gb9GjK8iPCRi4kOSyZY8pBj8t7hMzi35e+Tc5TOBsg=
golang.org/x/crypto v0.0.0-20190308221718-c2843e01d9a2/go.mod h1:djNgcEr1/C05ACkg1iLfiJU5Ep61QUkGW8qpdssI0+w=
golang.org/x/crypto v0.0.0-20200622213623-75b288015ac9 h1:psW17arqaxU48Z5kZ0CQnkZWQJsqcURM6tKiBApRjXI=
golang.org/x/crypto v0.0.0-20200622213623-75b288015ac9/go.mod h1:LzIPMQfyMNhhGPhUkYOs5KpL4U8rLKemX1yGLhDgUto=
golang.org/x/net v0.0.0-20190404232315-eb5bcb51f2a3/go.mod h1:t9HGtf8HONx5eT2rtn7q6eTqICYqUVnKs3thJo3Qplg=
golang.org/x/net v0.0.0-20200904194848-62affa334b73 h1:MXfv8rhZWmFeqX3GNZRsd6vOLoaCHjYEX3qkRo3YBUA=
golang.org/x/net v0.0.0-20200904194848-62affa334b73/go.mod h1:/O7V0waA8r7cgGh81Ro3o1hOxt32SMVPicZroKQ2sZA=
golang.org/x/sys v0.0.0-20190215142949-d0b11bdaac8a/go.mod h1:STP8DvDyc/dI5b8T5hshtkjS+E42TnysNCUPdjciGhY=
golang.org/x/sys v0.0.0-20190412213103-97732733099d/go.mod h1:h1NjWce9XRLGQEsW7wpKNCjG9DtNlClVuFLEZdDNbEs=
golang.org/x/sys v0.0.0-20200323222414-85ca7c5b95cd/go.mod h1:h1NjWce9XRLGQEsW7wpKNCjG9DtNlClVuFLEZdDNbEs=
golang.org/x/text v0.3.0/go.mod h1:NqM8EUOU14njkJ3fqMW+pc6Ldnwhi/IjpwHt7yyuwOQ=
